// !$*UTF8*$!
{
	archiveVersion = 1;
	classes = {
	};
	objectVersion = 48;
	objects = {

/* Begin PBXBuildFile section */
		8D049533200070F4009E40F6 /* AppDelegate.m in Sources */ = {isa = PBXBuildFile; fileRef = 8D049532200070F4009E40F6 /* AppDelegate.m */; };
		8D04953B200070F4009E40F6 /* Assets.xcassets in Resources */ = {isa = PBXBuildFile; fileRef = 8D04953A200070F4009E40F6 /* Assets.xcassets */; };
		8D04953E200070F4009E40F6 /* LaunchScreen.storyboard in Resources */ = {isa = PBXBuildFile; fileRef = 8D04953C200070F4009E40F6 /* LaunchScreen.storyboard */; };
		8D049541200070F4009E40F6 /* main.m in Sources */ = {isa = PBXBuildFile; fileRef = 8D049540200070F4009E40F6 /* main.m */; };
		8D049549200079C5009E40F6 /* JJOpenglesVC.m in Sources */ = {isa = PBXBuildFile; fileRef = 8D049548200079C5009E40F6 /* JJOpenglesVC.m */; };
		8D04954A2000ECEC009E40F6 /* JJOpenglesVC.h in Sources */ = {isa = PBXBuildFile; fileRef = 8D049547200079C5009E40F6 /* JJOpenglesVC.h */; };
/* End PBXBuildFile section */

/* Begin PBXFileReference section */
		8D04952E200070F4009E40F6 /* Open GL ES_demo1.app */ = {isa = PBXFileReference; explicitFileType = wrapper.application; includeInIndex = 0; path = "Open GL ES_demo1.app"; sourceTree = BUILT_PRODUCTS_DIR; };
		8D049531200070F4009E40F6 /* AppDelegate.h */ = {isa = PBXFileReference; lastKnownFileType = sourcecode.c.h; path = AppDelegate.h; sourceTree = "<group>"; };
		8D049532200070F4009E40F6 /* AppDelegate.m */ = {isa = PBXFileReference; lastKnownFileType = sourcecode.c.objc; path = AppDelegate.m; sourceTree = "<group>"; };
		8D04953A200070F4009E40F6 /* Assets.xcassets */ = {isa = PBXFileReference; lastKnownFileType = folder.assetcatalog; path = Assets.xcassets; sourceTree = "<group>"; };
		8D04953D200070F4009E40F6 /* Base */ = {isa = PBXFileReference; lastKnownFileType = file.storyboard; name = Base; path = Base.lproj/LaunchScreen.storyboard; sourceTree = "<group>"; };
		8D04953F200070F4009E40F6 /* Info.plist */ = {isa = PBXFileReference; lastKnownFileType = text.plist.xml; path = Info.plist; sourceTree = "<group>"; };
		8D049540200070F4009E40F6 /* main.m */ = {isa = PBXFileReference; lastKnownFileType = sourcecode.c.objc; path = main.m; sourceTree = "<group>"; };
		8D049547200079C5009E40F6 /* JJOpenglesVC.h */ = {isa = PBXFileReference; lastKnownFileType = sourcecode.c.h; path = JJOpenglesVC.h; sourceTree = "<group>"; };
		8D049548200079C5009E40F6 /* JJOpenglesVC.m */ = {isa = PBXFileReference; lastKnownFileType = sourcecode.c.objc; path = JJOpenglesVC.m; sourceTree = "<group>"; };
/* End PBXFileReference section */

/* Begin PBXFrameworksBuildPhase section */
		8D04952B200070F4009E40F6 /* Frameworks */ = {
			isa = PBXFrameworksBuildPhase;
			buildActionMask = 2147483647;
			files = (
			);
			runOnlyForDeploymentPostprocessing = 0;
		};
/* End PBXFrameworksBuildPhase section */

/* Begin PBXGroup section */
		8D049525200070F4009E40F6 = {
			isa = PBXGroup;
			children = (
				8D049530200070F4009E40F6 /* Open GL ES_demo1 */,
				8D04952F200070F4009E40F6 /* Products */,
			);
			sourceTree = "<group>";
		};
		8D04952F200070F4009E40F6 /* Products */ = {
			isa = PBXGroup;
			children = (
				8D04952E200070F4009E40F6 /* Open GL ES_demo1.app */,
			);
			name = Products;
			sourceTree = "<group>";
		};
		8D049530200070F4009E40F6 /* Open GL ES_demo1 */ = {
			isa = PBXGroup;
			children = (
				8D049531200070F4009E40F6 /* AppDelegate.h */,
				8D049532200070F4009E40F6 /* AppDelegate.m */,
				8D049547200079C5009E40F6 /* JJOpenglesVC.h */,
				8D049548200079C5009E40F6 /* JJOpenglesVC.m */,
				8D04953A200070F4009E40F6 /* Assets.xcassets */,
				8D04953C200070F4009E40F6 /* LaunchScreen.storyboard */,
				8D04953F200070F4009E40F6 /* Info.plist */,
				8D049540200070F4009E40F6 /* main.m */,
			);
			path = "Open GL ES_demo1";
			sourceTree = "<group>";
		};
/* End PBXGroup section */

/* Begin PBXNativeTarget section */
		8D04952D200070F4009E40F6 /* Open GL ES_demo1 */ = {
			isa = PBXNativeTarget;
			buildConfigurationList = 8D049544200070F4009E40F6 /* Build configuration list for PBXNativeTarget "Open GL ES_demo1" */;
			buildPhases = (
				8D04952A200070F4009E40F6 /* Sources */,
				8D04952B200070F4009E40F6 /* Frameworks */,
				8D04952C200070F4009E40F6 /* Resources */,
			);
			buildRules = (
			);
			dependencies = (
			);
			name = "Open GL ES_demo1";
			productName = "Open GL ES_demo1";
			productReference = 8D04952E200070F4009E40F6 /* Open GL ES_demo1.app */;
			productType = "com.apple.product-type.application";
		};
/* End PBXNativeTarget section */

/* Begin PBXProject section */
		8D049526200070F4009E40F6 /* Project object */ = {
			isa = PBXProject;
			attributes = {
				LastUpgradeCheck = 0920;
				ORGANIZATIONNAME = com.daoKeLegend;
				TargetAttributes = {
					8D04952D200070F4009E40F6 = {
						CreatedOnToolsVersion = 9.2;
						ProvisioningStyle = Automatic;
					};
				};
			};
			buildConfigurationList = 8D049529200070F4009E40F6 /* Build configuration list for PBXProject "Open GL ES_demo1" */;
			compatibilityVersion = "Xcode 8.0";
			developmentRegion = en;
			hasScannedForEncodings = 0;
			knownRegions = (
				en,
				Base,
			);
			mainGroup = 8D049525200070F4009E40F6;
			productRefGroup = 8D04952F200070F4009E40F6 /* Products */;
			projectDirPath = "";
			projectRoot = "";
			targets = (
				8D04952D200070F4009E40F6 /* Open GL ES_demo1 */,
			);
		};
/* End PBXProject section */

/* Begin PBXResourcesBuildPhase section */
		8D04952C200070F4009E40F6 /* Resources */ = {
			isa = PBXResourcesBuildPhase;
			buildActionMask = 2147483647;
			files = (
				8D04953E200070F4009E40F6 /* LaunchScreen.storyboard in Resources */,
				8D04953B200070F4009E40F6 /* Assets.xcassets in Resources */,
			);
			runOnlyForDeploymentPostprocessing = 0;
		};
/* End PBXResourcesBuildPhase section */

/* Begin PBXSourcesBuildPhase section */
		8D04952A200070F4009E40F6 /* Sources */ = {
			isa = PBXSourcesBuildPhase;
			buildActionMask = 2147483647;
			files = (
				8D04954A2000ECEC009E40F6 /* JJOpenglesVC.h in Sources */,
				8D049541200070F4009E40F6 /* main.m in Sources */,
				8D049549200079C5009E40F6 /* JJOpenglesVC.m in Sources */,
				8D049533200070F4009E40F6 /* AppDelegate.m in Sources */,
			);
			runOnlyForDeploymentPostprocessing = 0;
		};
/* End PBXSourcesBuildPhase section */

/* Begin PBXVariantGroup section */
		8D04953C200070F4009E40F6 /* LaunchScreen.storyboard */ = {
			isa = PBXVariantGroup;
			children = (
				8D04953D200070F4009E40F6 /* Base */,
			);
			name = LaunchScreen.storyboard;
			sourceTree = "<group>";
		};
/* End PBXVariantGroup section */

/* Begin XCBuildConfiguration section */
		8D049542200070F4009E40F6 /* Debug */ = {
			isa = XCBuildConfiguration;
			buildSettings = {
				ALWAYS_SEARCH_USER_PATHS = NO;
				CLANG_ANALYZER_NONNULL = YES;
				CLANG_ANALYZER_NUMBER_OBJECT_CONVERSION = YES_AGGRESSIVE;
				CLANG_CXX_LANGUAGE_STANDARD = "gnu++14";
				CLANG_CXX_LIBRARY = "libc++";
				CLANG_ENABLE_MODULES = YES;
				CLANG_ENABLE_OBJC_ARC = YES;
				CLANG_WARN_BLOCK_CAPTURE_AUTORELEASING = YES;
				CLANG_WARN_BOOL_CONVERSION = YES;
				CLANG_WARN_COMMA = YES;
				CLANG_WARN_CONSTANT_CONVERSION = YES;
				CLANG_WARN_DIRECT_OBJC_ISA_USAGE = YES_ERROR;
				CLANG_WARN_DOCUMENTATION_COMMENTS = YES;
				CLANG_WARN_EMPTY_BODY = YES;
				CLANG_WARN_ENUM_CONVERSION = YES;
				CLANG_WARN_INFINITE_RECURSION = YES;
				CLANG_WARN_INT_CONVERSION = YES;
				CLANG_WARN_NON_LITERAL_NULL_CONVERSION = YES;
				CLANG_WARN_OBJC_LITERAL_CONVERSION = YES;
				CLANG_WARN_OBJC_ROOT_CLASS = YES_ERROR;
				CLANG_WARN_RANGE_LOOP_ANALYSIS = YES;
				CLANG_WARN_STRICT_PROTOTYPES = YES;
				CLANG_WARN_SUSPICIOUS_MOVE = YES;
				CLANG_WARN_UNGUARDED_AVAILABILITY = YES_AGGRESSIVE;
				CLANG_WARN_UNREACHABLE_CODE = YES;
				CLANG_WARN__DUPLICATE_METHOD_MATCH = YES;
				CODE_SIGN_IDENTITY = "iPhone Developer";
				COPY_PHASE_STRIP = NO;
				DEBUG_INFORMATION_FORMAT = dwarf;
				ENABLE_STRICT_OBJC_MSGSEND = YES;
				ENABLE_TESTABILITY = YES;
				GCC_C_LANGUAGE_STANDARD = gnu11;
				GCC_DYNAMIC_NO_PIC = NO;
				GCC_NO_COMMON_BLOCKS = YES;
				GCC_OPTIMIZATION_LEVEL = 0;
				GCC_PREPROCESSOR_DEFINITIONS = (
					"DEBUG=1",
					"$(inherited)",
				);
				GCC_WARN_64_TO_32_BIT_CONVERSION = YES;
				GCC_WARN_ABOUT_RETURN_TYPE = YES_ERROR;
				GCC_WARN_UNDECLARED_SELECTOR = YES;
				GCC_WARN_UNINITIALIZED_AUTOS = YES_AGGRESSIVE;
				GCC_WARN_UNUSED_FUNCTION = YES;
				GCC_WARN_UNUSED_VARIABLE = YES;
				IPHONEOS_DEPLOYMENT_TARGET = 11.2;
				MTL_ENABLE_DEBUG_INFO = YES;
				ONLY_ACTIVE_ARCH = YES;
				SDKROOT = iphoneos;
			};
			name = Debug;
		};
		8D049543200070F4009E40F6 /* Release */ = {
			isa = XCBuildConfiguration;
			buildSettings = {
				ALWAYS_SEARCH_USER_PATHS = NO;
				CLANG_ANALYZER_NONNULL = YES;
				CLANG_ANALYZER_NUMBER_OBJECT_CONVERSION = YES_AGGRESSIVE;
				CLANG_CXX_LANGUAGE_STANDARD = "gnu++14";
				CLANG_CXX_LIBRARY = "libc++";
				CLANG_ENABLE_MODULES = YES;
				CLANG_ENABLE_OBJC_ARC = YES;
				CLANG_WARN_BLOCK_CAPTURE_AUTORELEASING = YES;
				CLANG_WARN_BOOL_CONVERSION = YES;
				CLANG_WARN_COMMA = YES;
				CLANG_WARN_CONSTANT_CONVERSION = YES;
				CLANG_WARN_DIRECT_OBJC_ISA_USAGE = YES_ERROR;
				CLANG_WARN_DOCUMENTATION_COMMENTS = YES;
				CLANG_WARN_EMPTY_BODY = YES;
				CLANG_WARN_ENUM_CONVERSION = YES;
				CLANG_WARN_INFINITE_RECURSION = YES;
				CLANG_WARN_INT_CONVERSION = YES;
				CLANG_WARN_NON_LITERAL_NULL_CONVERSION = YES;
				CLANG_WARN_OBJC_LITERAL_CONVERSION = YES;
				CLANG_WARN_OBJC_ROOT_CLASS = YES_ERROR;
				CLANG_WARN_RANGE_LOOP_ANALYSIS = YES;
				CLANG_WARN_STRICT_PROTOTYPES = YES;
				CLANG_WARN_SUSPICIOUS_MOVE = YES;
				CLANG_WARN_UNGUARDED_AVAILABILITY = YES_AGGRESSIVE;
				CLANG_WARN_UNREACHABLE_CODE = YES;
				CLANG_WARN__DUPLICATE_METHOD_MATCH = YES;
				CODE_SIGN_IDENTITY = "iPhone Developer";
				COPY_PHASE_STRIP = NO;
				DEBUG_INFORMATION_FORMAT = "dwarf-with-dsym";
				ENABLE_NS_ASSERTIONS = NO;
				ENABLE_STRICT_OBJC_MSGSEND = YES;
				GCC_C_LANGUAGE_STANDARD = gnu11;
				GCC_NO_COMMON_BLOCKS = YES;
				GCC_WARN_64_TO_32_BIT_CONVERSION = YES;
				GCC_WARN_ABOUT_RETURN_TYPE = YES_ERROR;
				GCC_WARN_UNDECLARED_SELECTOR = YES;
				GCC_WARN_UNINITIALIZED_AUTOS = YES_AGGRESSIVE;
				GCC_WARN_UNUSED_FUNCTION = YES;
				GCC_WARN_UNUSED_VARIABLE = YES;
				IPHONEOS_DEPLOYMENT_TARGET = 11.2;
				MTL_ENABLE_DEBUG_INFO = NO;
				SDKROOT = iphoneos;
				VALIDATE_PRODUCT = YES;
			};
			name = Release;
		};
		8D049545200070F4009E40F6 /* Debug */ = {
			isa = XCBuildConfiguration;
			buildSettings = {
				ASSETCATALOG_COMPILER_APPICON_NAME = AppIcon;
				CODE_SIGN_STYLE = Automatic;
				DEVELOPMENT_TEAM = 48E3LB8PD7;
				INFOPLIST_FILE = "Open GL ES_demo1/Info.plist";
				LD_RUNPATH_SEARCH_PATHS = "$(inherited) @executable_path/Frameworks";
				PRODUCT_BUNDLE_IDENTIFIER = "com.daoKeLegend.cn.Open-GL-ES-demo1";
				PRODUCT_NAME = "$(TARGET_NAME)";
				TARGETED_DEVICE_FAMILY = "1,2";
			};
			name = Debug;
		};
		8D049546200070F4009E40F6 /* Release */ = {
			isa = XCBuildConfiguration;
			buildSettings = {
				ASSETCATALOG_COMPILER_APPICON_NAME = AppIcon;
				CODE_SIGN_STYLE = Automatic;
				DEVELOPMENT_TEAM = 48E3LB8PD7;
				INFOPLIST_FILE = "Open GL ES_demo1/Info.plist";
				LD_RUNPATH_SEARCH_PATHS = "$(inherited) @executable_path/Frameworks";
				PRODUCT_BUNDLE_IDENTIFIER = "com.daoKeLegend.cn.Open-GL-ES-demo1";
				PRODUCT_NAME = "$(TARGET_NAME)";
				TARGETED_DEVICE_FAMILY = "1,2";
			};
			name = Release;
		};
/* End XCBuildConfiguration section */

/* Begin XCConfigurationList section */
		8D049529200070F4009E40F6 /* Build configuration list for PBXProject "Open GL ES_demo1" */ = {
			isa = XCConfigurationList;
			buildConfigurations = (
				8D049542200070F4009E40F6 /* Debug */,
				8D049543200070F4009E40F6 /* Release */,
			);
			defaultConfigurationIsVisible = 0;
			defaultConfigurationName = Release;
		};
		8D049544200070F4009E40F6 /* Build configuration list for PBXNativeTarget "Open GL ES_demo1" */ = {
			isa = XCConfigurationList;
			buildConfigurations = (
				8D049545200070F4009E40F6 /* Debug */,
				8D049546200070F4009E40F6 /* Release */,
			);
			defaultConfigurationIsVisible = 0;
			defaultConfigurationName = Release;
		};
/* End XCConfigurationList section */
	};
	rootObject = 8D049526200070F4009E40F6 /* Project object */;
}
