// !$*UTF8*$!
{
	archiveVersion = 1;
	classes = {
	};
	objectVersion = 48;
	objects = {

/* Begin PBXBuildFile section */
		04ED654720034F4F008FBA1F /* AppDelegate.m in Sources */ = {isa = PBXBuildFile; fileRef = 04ED654620034F4F008FBA1F /* AppDelegate.m */; };
		04ED654F20034F4F008FBA1F /* Assets.xcassets in Resources */ = {isa = PBXBuildFile; fileRef = 04ED654E20034F4F008FBA1F /* Assets.xcassets */; };
		04ED655220034F4F008FBA1F /* LaunchScreen.storyboard in Resources */ = {isa = PBXBuildFile; fileRef = 04ED655020034F4F008FBA1F /* LaunchScreen.storyboard */; };
		04ED655520034F4F008FBA1F /* main.m in Sources */ = {isa = PBXBuildFile; fileRef = 04ED655420034F4F008FBA1F /* main.m */; };
		04ED655D20034F7E008FBA1F /* JJOpenglesVC.m in Sources */ = {isa = PBXBuildFile; fileRef = 04ED655C20034F7E008FBA1F /* JJOpenglesVC.m */; };
		04ED656020035049008FBA1F /* JJGLKContext.m in Sources */ = {isa = PBXBuildFile; fileRef = 04ED655F20035049008FBA1F /* JJGLKContext.m */; };
		04ED656320035088008FBA1F /* JJGLKElementIndexArrayBuffer.m in Sources */ = {isa = PBXBuildFile; fileRef = 04ED656220035088008FBA1F /* JJGLKElementIndexArrayBuffer.m */; };
/* End PBXBuildFile section */

/* Begin PBXFileReference section */
		04ED654220034F4F008FBA1F /* Open GL ES——demo4.app */ = {isa = PBXFileReference; explicitFileType = wrapper.application; includeInIndex = 0; path = "Open GL ES——demo4.app"; sourceTree = BUILT_PRODUCTS_DIR; };
		04ED654520034F4F008FBA1F /* AppDelegate.h */ = {isa = PBXFileReference; lastKnownFileType = sourcecode.c.h; path = AppDelegate.h; sourceTree = "<group>"; };
		04ED654620034F4F008FBA1F /* AppDelegate.m */ = {isa = PBXFileReference; lastKnownFileType = sourcecode.c.objc; path = AppDelegate.m; sourceTree = "<group>"; };
		04ED654E20034F4F008FBA1F /* Assets.xcassets */ = {isa = PBXFileReference; lastKnownFileType = folder.assetcatalog; path = Assets.xcassets; sourceTree = "<group>"; };
		04ED655120034F4F008FBA1F /* Base */ = {isa = PBXFileReference; lastKnownFileType = file.storyboard; name = Base; path = Base.lproj/LaunchScreen.storyboard; sourceTree = "<group>"; };
		04ED655320034F4F008FBA1F /* Info.plist */ = {isa = PBXFileReference; lastKnownFileType = text.plist.xml; path = Info.plist; sourceTree = "<group>"; };
		04ED655420034F4F008FBA1F /* main.m */ = {isa = PBXFileReference; lastKnownFileType = sourcecode.c.objc; path = main.m; sourceTree = "<group>"; };
		04ED655B20034F7E008FBA1F /* JJOpenglesVC.h */ = {isa = PBXFileReference; lastKnownFileType = sourcecode.c.h; path = JJOpenglesVC.h; sourceTree = "<group>"; };
		04ED655C20034F7E008FBA1F /* JJOpenglesVC.m */ = {isa = PBXFileReference; lastKnownFileType = sourcecode.c.objc; path = JJOpenglesVC.m; sourceTree = "<group>"; };
		04ED655E20035049008FBA1F /* JJGLKContext.h */ = {isa = PBXFileReference; lastKnownFileType = sourcecode.c.h; path = JJGLKContext.h; sourceTree = "<group>"; };
		04ED655F20035049008FBA1F /* JJGLKContext.m */ = {isa = PBXFileReference; lastKnownFileType = sourcecode.c.objc; path = JJGLKContext.m; sourceTree = "<group>"; };
		04ED656120035088008FBA1F /* JJGLKElementIndexArrayBuffer.h */ = {isa = PBXFileReference; lastKnownFileType = sourcecode.c.h; path = JJGLKElementIndexArrayBuffer.h; sourceTree = "<group>"; };
		04ED656220035088008FBA1F /* JJGLKElementIndexArrayBuffer.m */ = {isa = PBXFileReference; lastKnownFileType = sourcecode.c.objc; path = JJGLKElementIndexArrayBuffer.m; sourceTree = "<group>"; };
/* End PBXFileReference section */

/* Begin PBXFrameworksBuildPhase section */
		04ED653F20034F4F008FBA1F /* Frameworks */ = {
			isa = PBXFrameworksBuildPhase;
			buildActionMask = 2147483647;
			files = (
			);
			runOnlyForDeploymentPostprocessing = 0;
		};
/* End PBXFrameworksBuildPhase section */

/* Begin PBXGroup section */
		04ED653920034F4F008FBA1F = {
			isa = PBXGroup;
			children = (
				04ED654420034F4F008FBA1F /* Open GL ES——demo4 */,
				04ED654320034F4F008FBA1F /* Products */,
			);
			sourceTree = "<group>";
		};
		04ED654320034F4F008FBA1F /* Products */ = {
			isa = PBXGroup;
			children = (
				04ED654220034F4F008FBA1F /* Open GL ES——demo4.app */,
			);
			name = Products;
			sourceTree = "<group>";
		};
		04ED654420034F4F008FBA1F /* Open GL ES——demo4 */ = {
			isa = PBXGroup;
			children = (
				04ED654520034F4F008FBA1F /* AppDelegate.h */,
				04ED654620034F4F008FBA1F /* AppDelegate.m */,
				04ED655B20034F7E008FBA1F /* JJOpenglesVC.h */,
				04ED655C20034F7E008FBA1F /* JJOpenglesVC.m */,
				04ED655E20035049008FBA1F /* JJGLKContext.h */,
				04ED655F20035049008FBA1F /* JJGLKContext.m */,
				04ED656120035088008FBA1F /* JJGLKElementIndexArrayBuffer.h */,
				04ED656220035088008FBA1F /* JJGLKElementIndexArrayBuffer.m */,
				04ED654E20034F4F008FBA1F /* Assets.xcassets */,
				04ED655020034F4F008FBA1F /* LaunchScreen.storyboard */,
				04ED655320034F4F008FBA1F /* Info.plist */,
				04ED655420034F4F008FBA1F /* main.m */,
			);
			path = "Open GL ES——demo4";
			sourceTree = "<group>";
		};
/* End PBXGroup section */

/* Begin PBXNativeTarget section */
		04ED654120034F4F008FBA1F /* Open GL ES——demo4 */ = {
			isa = PBXNativeTarget;
			buildConfigurationList = 04ED655820034F4F008FBA1F /* Build configuration list for PBXNativeTarget "Open GL ES——demo4" */;
			buildPhases = (
				04ED653E20034F4F008FBA1F /* Sources */,
				04ED653F20034F4F008FBA1F /* Frameworks */,
				04ED654020034F4F008FBA1F /* Resources */,
			);
			buildRules = (
			);
			dependencies = (
			);
			name = "Open GL ES——demo4";
			productName = "Open GL ES——demo4";
			productReference = 04ED654220034F4F008FBA1F /* Open GL ES——demo4.app */;
			productType = "com.apple.product-type.application";
		};
/* End PBXNativeTarget section */

/* Begin PBXProject section */
		04ED653A20034F4F008FBA1F /* Project object */ = {
			isa = PBXProject;
			attributes = {
				LastUpgradeCheck = 0920;
				ORGANIZATIONNAME = DaoKeLegend;
				TargetAttributes = {
					04ED654120034F4F008FBA1F = {
						CreatedOnToolsVersion = 9.2;
						ProvisioningStyle = Automatic;
					};
				};
			};
			buildConfigurationList = 04ED653D20034F4F008FBA1F /* Build configuration list for PBXProject "Open GL ES——demo4" */;
			compatibilityVersion = "Xcode 8.0";
			developmentRegion = en;
			hasScannedForEncodings = 0;
			knownRegions = (
				en,
				Base,
			);
			mainGroup = 04ED653920034F4F008FBA1F;
			productRefGroup = 04ED654320034F4F008FBA1F /* Products */;
			projectDirPath = "";
			projectRoot = "";
			targets = (
				04ED654120034F4F008FBA1F /* Open GL ES——demo4 */,
			);
		};
/* End PBXProject section */

/* Begin PBXResourcesBuildPhase section */
		04ED654020034F4F008FBA1F /* Resources */ = {
			isa = PBXResourcesBuildPhase;
			buildActionMask = 2147483647;
			files = (
				04ED655220034F4F008FBA1F /* LaunchScreen.storyboard in Resources */,
				04ED654F20034F4F008FBA1F /* Assets.xcassets in Resources */,
			);
			runOnlyForDeploymentPostprocessing = 0;
		};
/* End PBXResourcesBuildPhase section */

/* Begin PBXSourcesBuildPhase section */
		04ED653E20034F4F008FBA1F /* Sources */ = {
			isa = PBXSourcesBuildPhase;
			buildActionMask = 2147483647;
			files = (
				04ED656020035049008FBA1F /* JJGLKContext.m in Sources */,
				04ED655D20034F7E008FBA1F /* JJOpenglesVC.m in Sources */,
				04ED656320035088008FBA1F /* JJGLKElementIndexArrayBuffer.m in Sources */,
				04ED655520034F4F008FBA1F /* main.m in Sources */,
				04ED654720034F4F008FBA1F /* AppDelegate.m in Sources */,
			);
			runOnlyForDeploymentPostprocessing = 0;
		};
/* End PBXSourcesBuildPhase section */

/* Begin PBXVariantGroup section */
		04ED655020034F4F008FBA1F /* LaunchScreen.storyboard */ = {
			isa = PBXVariantGroup;
			children = (
				04ED655120034F4F008FBA1F /* Base */,
			);
			name = LaunchScreen.storyboard;
			sourceTree = "<group>";
		};
/* End PBXVariantGroup section */

/* Begin XCBuildConfiguration section */
		04ED655620034F4F008FBA1F /* Debug */ = {
			isa = XCBuildConfiguration;
			buildSettings = {
				ALWAYS_SEARCH_USER_PATHS = NO;
				CLANG_ANALYZER_NONNULL = YES;
				CLANG_ANALYZER_NUMBER_OBJECT_CONVERSION = YES_AGGRESSIVE;
				CLANG_CXX_LANGUAGE_STANDARD = "gnu++14";
				CLANG_CXX_LIBRARY = "libc++";
				CLANG_ENABLE_MODULES = YES;
				CLANG_ENABLE_OBJC_ARC = YES;
				CLANG_WARN_BLOCK_CAPTURE_AUTORELEASING = YES;
				CLANG_WARN_BOOL_CONVERSION = YES;
				CLANG_WARN_COMMA = YES;
				CLANG_WARN_CONSTANT_CONVERSION = YES;
				CLANG_WARN_DIRECT_OBJC_ISA_USAGE = YES_ERROR;
				CLANG_WARN_DOCUMENTATION_COMMENTS = YES;
				CLANG_WARN_EMPTY_BODY = YES;
				CLANG_WARN_ENUM_CONVERSION = YES;
				CLANG_WARN_INFINITE_RECURSION = YES;
				CLANG_WARN_INT_CONVERSION = YES;
				CLANG_WARN_NON_LITERAL_NULL_CONVERSION = YES;
				CLANG_WARN_OBJC_LITERAL_CONVERSION = YES;
				CLANG_WARN_OBJC_ROOT_CLASS = YES_ERROR;
				CLANG_WARN_RANGE_LOOP_ANALYSIS = YES;
				CLANG_WARN_STRICT_PROTOTYPES = YES;
				CLANG_WARN_SUSPICIOUS_MOVE = YES;
				CLANG_WARN_UNGUARDED_AVAILABILITY = YES_AGGRESSIVE;
				CLANG_WARN_UNREACHABLE_CODE = YES;
				CLANG_WARN__DUPLICATE_METHOD_MATCH = YES;
				CODE_SIGN_IDENTITY = "iPhone Developer";
				COPY_PHASE_STRIP = NO;
				DEBUG_INFORMATION_FORMAT = dwarf;
				ENABLE_STRICT_OBJC_MSGSEND = YES;
				ENABLE_TESTABILITY = YES;
				GCC_C_LANGUAGE_STANDARD = gnu11;
				GCC_DYNAMIC_NO_PIC = NO;
				GCC_NO_COMMON_BLOCKS = YES;
				GCC_OPTIMIZATION_LEVEL = 0;
				GCC_PREPROCESSOR_DEFINITIONS = (
					"DEBUG=1",
					"$(inherited)",
				);
				GCC_WARN_64_TO_32_BIT_CONVERSION = YES;
				GCC_WARN_ABOUT_RETURN_TYPE = YES_ERROR;
				GCC_WARN_UNDECLARED_SELECTOR = YES;
				GCC_WARN_UNINITIALIZED_AUTOS = YES_AGGRESSIVE;
				GCC_WARN_UNUSED_FUNCTION = YES;
				GCC_WARN_UNUSED_VARIABLE = YES;
				IPHONEOS_DEPLOYMENT_TARGET = 11.2;
				MTL_ENABLE_DEBUG_INFO = YES;
				ONLY_ACTIVE_ARCH = YES;
				SDKROOT = iphoneos;
			};
			name = Debug;
		};
		04ED655720034F4F008FBA1F /* Release */ = {
			isa = XCBuildConfiguration;
			buildSettings = {
				ALWAYS_SEARCH_USER_PATHS = NO;
				CLANG_ANALYZER_NONNULL = YES;
				CLANG_ANALYZER_NUMBER_OBJECT_CONVERSION = YES_AGGRESSIVE;
				CLANG_CXX_LANGUAGE_STANDARD = "gnu++14";
				CLANG_CXX_LIBRARY = "libc++";
				CLANG_ENABLE_MODULES = YES;
				CLANG_ENABLE_OBJC_ARC = YES;
				CLANG_WARN_BLOCK_CAPTURE_AUTORELEASING = YES;
				CLANG_WARN_BOOL_CONVERSION = YES;
				CLANG_WARN_COMMA = YES;
				CLANG_WARN_CONSTANT_CONVERSION = YES;
				CLANG_WARN_DIRECT_OBJC_ISA_USAGE = YES_ERROR;
				CLANG_WARN_DOCUMENTATION_COMMENTS = YES;
				CLANG_WARN_EMPTY_BODY = YES;
				CLANG_WARN_ENUM_CONVERSION = YES;
				CLANG_WARN_INFINITE_RECURSION = YES;
				CLANG_WARN_INT_CONVERSION = YES;
				CLANG_WARN_NON_LITERAL_NULL_CONVERSION = YES;
				CLANG_WARN_OBJC_LITERAL_CONVERSION = YES;
				CLANG_WARN_OBJC_ROOT_CLASS = YES_ERROR;
				CLANG_WARN_RANGE_LOOP_ANALYSIS = YES;
				CLANG_WARN_STRICT_PROTOTYPES = YES;
				CLANG_WARN_SUSPICIOUS_MOVE = YES;
				CLANG_WARN_UNGUARDED_AVAILABILITY = YES_AGGRESSIVE;
				CLANG_WARN_UNREACHABLE_CODE = YES;
				CLANG_WARN__DUPLICATE_METHOD_MATCH = YES;
				CODE_SIGN_IDENTITY = "iPhone Developer";
				COPY_PHASE_STRIP = NO;
				DEBUG_INFORMATION_FORMAT = "dwarf-with-dsym";
				ENABLE_NS_ASSERTIONS = NO;
				ENABLE_STRICT_OBJC_MSGSEND = YES;
				GCC_C_LANGUAGE_STANDARD = gnu11;
				GCC_NO_COMMON_BLOCKS = YES;
				GCC_WARN_64_TO_32_BIT_CONVERSION = YES;
				GCC_WARN_ABOUT_RETURN_TYPE = YES_ERROR;
				GCC_WARN_UNDECLARED_SELECTOR = YES;
				GCC_WARN_UNINITIALIZED_AUTOS = YES_AGGRESSIVE;
				GCC_WARN_UNUSED_FUNCTION = YES;
				GCC_WARN_UNUSED_VARIABLE = YES;
				IPHONEOS_DEPLOYMENT_TARGET = 11.2;
				MTL_ENABLE_DEBUG_INFO = NO;
				SDKROOT = iphoneos;
				VALIDATE_PRODUCT = YES;
			};
			name = Release;
		};
		04ED655920034F4F008FBA1F /* Debug */ = {
			isa = XCBuildConfiguration;
			buildSettings = {
				ASSETCATALOG_COMPILER_APPICON_NAME = AppIcon;
				CODE_SIGN_STYLE = Automatic;
				DEVELOPMENT_TEAM = 48E3LB8PD7;
				INFOPLIST_FILE = "Open GL ES——demo4/Info.plist";
				LD_RUNPATH_SEARCH_PATHS = "$(inherited) @executable_path/Frameworks";
				PRODUCT_BUNDLE_IDENTIFIER = "com.cn.Open-GL-ES--demo4";
				PRODUCT_NAME = "$(TARGET_NAME)";
				TARGETED_DEVICE_FAMILY = "1,2";
			};
			name = Debug;
		};
		04ED655A20034F4F008FBA1F /* Release */ = {
			isa = XCBuildConfiguration;
			buildSettings = {
				ASSETCATALOG_COMPILER_APPICON_NAME = AppIcon;
				CODE_SIGN_STYLE = Automatic;
				DEVELOPMENT_TEAM = 48E3LB8PD7;
				INFOPLIST_FILE = "Open GL ES——demo4/Info.plist";
				LD_RUNPATH_SEARCH_PATHS = "$(inherited) @executable_path/Frameworks";
				PRODUCT_BUNDLE_IDENTIFIER = "com.cn.Open-GL-ES--demo4";
				PRODUCT_NAME = "$(TARGET_NAME)";
				TARGETED_DEVICE_FAMILY = "1,2";
			};
			name = Release;
		};
/* End XCBuildConfiguration section */

/* Begin XCConfigurationList section */
		04ED653D20034F4F008FBA1F /* Build configuration list for PBXProject "Open GL ES——demo4" */ = {
			isa = XCConfigurationList;
			buildConfigurations = (
				04ED655620034F4F008FBA1F /* Debug */,
				04ED655720034F4F008FBA1F /* Release */,
			);
			defaultConfigurationIsVisible = 0;
			defaultConfigurationName = Release;
		};
		04ED655820034F4F008FBA1F /* Build configuration list for PBXNativeTarget "Open GL ES——demo4" */ = {
			isa = XCConfigurationList;
			buildConfigurations = (
				04ED655920034F4F008FBA1F /* Debug */,
				04ED655A20034F4F008FBA1F /* Release */,
			);
			defaultConfigurationIsVisible = 0;
			defaultConfigurationName = Release;
		};
/* End XCConfigurationList section */
	};
	rootObject = 04ED653A20034F4F008FBA1F /* Project object */;
}
